
Microsoft Visual Studio Solution File, Format Version 12.00
# Visual Studio Version 16
VisualStudioVersion = 16.0.30128.74
MinimumVisualStudioVersion = 10.0.40219.1
Project("{FAE04EC0-301F-11D3-BF4B-00C04F79EFBC}") = "Assignment2", "Assignment2\Assignment2.csproj", "{11EC12FC-681F-4F07-AA6B-8F4784E4777A}"
EndProject
Global
	GlobalSection(SolutionConfigurationPlatforms) = preSolution
		Debug|Any CPU = Debug|Any CPU
		Release|Any CPU = Release|Any CPU
	EndGlobalSection
	GlobalSection(ProjectConfigurationPlatforms) = postSolution
		{11EC12FC-681F-4F07-AA6B-8F4784E4777A}.Debug|Any CPU.ActiveCfg = Debug|Any CPU
		{11EC12FC-681F-4F07-AA6B-8F4784E4777A}.Debug|Any CPU.Build.0 = Debug|Any CPU
		{11EC12FC-681F-4F07-AA6B-8F4784E4777A}.Release|Any CPU.ActiveCfg = Release|Any CPU
		{11EC12FC-681F-4F07-AA6B-8F4784E4777A}.Release|Any CPU.Build.0 = Release|Any CPU
	EndGlobalSection
	GlobalSection(SolutionProperties) = preSolution
		HideSolutionNode = FALSE
	EndGlobalSection
	GlobalSection(ExtensibilityGlobals) = postSolution
		SolutionGuid = {FC9FB80F-BEAD-46CE-9B4A-1D497A1E5E11}
	EndGlobalSection
EndGlobal
